# THIS IS AN AUTOGENERATED FILE. DO NOT EDIT THIS FILE DIRECTLY.
# yarn lockfile v1


axios@0.19.0:
  version "0.19.0"
  resolved "https://registry.yarnpkg.com/axios/-/axios-0.19.0.tgz#f4f603593b5932a945da7b5791c3d1b3152579b4"
  integrity sha512-1NYQLtebE6cWESP7CVINS4URv+XbdtflJb1KcbIdZTdbJbEuGf5IVsgRscrlwiwYL/M43xClNg2HAgTCPSRbQw==
  dependencies:
    follow-redirects "1.5.10"
    is-buffer "^2.0.2"

express@4.16.3:
  version "4.16.3"
  resolved "https://registry.yarnpkg.com/express/-/express-4.16.3.tgz#a4c17822906b43063fcd0cf8f20b92f753c2419f"
  integrity sha512-WHVFc2VJgQDAIN+25Pf0NlP2gQBa3p/v14FzR6MvEc/zouXGErgvQmbgPdpErf/y9v32u5hoA0qOHpprGptC0w==
  dependencies:
    accepts "~1.3.5"
    array-flatten "1.1.1"
    body-parser "1.18.2"
    content-disposition "0.5.2"
    content-type "~1.0.4"
    cookie "0.3.1"
    cookie-signature "1.0.6"
    debug "2.6.9"
    depd "~1.1.2"
    encodeurl "~1.0.2"
    escape-html "~1.0.3"
    etag "~1.8.1"
    finalhandler "1.1.1"
    fresh "~0.5.2"
    merge-descriptors "1.0.1"
    methods "~1.1.2"
    on-finished "~2.3.0"
    parseurl "~1.3.2"
    path-to-regexp "0.1.7"
    proxy-addr "~2.0.3"
    qs "6.5.1"
    range-parser "~1.2.0"
    safe-buffer "5.1.1"
    send "0.16.2"
    serve-static "1.13.2"
    setprototypeof "1.1.0"
    statuses "~1.4.0"
    type-is "~1.6.16"
    utils-merge "1.0.1"
    vary "~1.1.2"

follow-redirects@1.5.10:
  version "1.5.10"
  resolved "https://registry.yarnpkg.com/follow-redirects/-/follow-redirects-1.5.10.tgz#2805953331b5a52865e90f235b5b91a0a4c58e0a"
  integrity sha512-0V5l4C1SSarWfIClg+Xk3INAveEuawApclEG3wUPWEVgA+PXtEOa3_lg_59i6es2RaxMAcpMW7qyqlkogxBY2w==
  dependencies:
    debug "=3.1.0"

handlebars@4.1.0:
  version "4.1.0"
  resolved "https://registry.yarnpkg.com/handlebars/-/handlebars-4.1.0.tgz#31a833534e8f99e30521e869796e65a0443f0f9b"
  integrity sha512-IBfEtD2HmqkApbLhLw5EpZq1R223w+A3zRANi41d+K5qf8yoyOtbCNvWtv3Ha4Fy2s2I2P+d/x0kPoyberGrrw==
  dependencies:
    neo-async "^2.6.0"
    optimist "^0.6.1"
    source-map "^0.6.1"
  optionalDependencies:
    uglify-js "^3.1.4"

jquery@3.3.0:
  version "3.3.0"
  resolved "https://registry.yarnpkg.com/jquery/-/jquery-3.3.0.tgz#ec185b2e9894e6504a7428f69b596395b2c9d870"
  integrity sha512-UFDFe3U2G+2+sL2Mn91DMstOjo7g3xIXmANHDtoFP3MvKQKx3G/sIZ0kba234lSumf6kTTI5J+Q3G7WxwRseGg==

lodash@4.17.11:
  version "4.17.11"
  resolved "https://registry.yarnpkg.com/lodash/-/lodash-4.17.11.tgz#a3534c038330c69d65ab3a4d85ac550785b79e7c"
  integrity sha512-cQKh8cQ2UTY6kMeZbA6ZnUaxhLIOibNBWEQkQuR/2gx6QNBTwFBOOprDErEaxLBudptvjQaoewDvsFdza8AvFg==

mustache@2.3.0:
  version "2.3.0"
  resolved "https://registry.yarnpkg.com/mustache/-/mustache-2.3.0.tgz#2730ca78ab9134a499e4431e67b2d5d852331fa2"
  integrity sha1-QCj3d4sXcIpImTCm5SrDvK2dafI=
