# THIS IS AN AUTOGENERATED FILE. DO NOT EDIT THIS FILE DIRECTLY.
# yarn lockfile v1


accepts@~1.3.8:
  version "1.3.8"
  resolved "https://registry.yarnpkg.com/accepts/-/accepts-1.3.8.tgz#994e248b1d2861c21d8ac667e5f159345e412853"
  integrity sha512-PYAthTa2m2sp+ns9icSjKzcvdvpullQddZvsau+KSp6AciJzaRYXथान/A18sOdcM/eA12VnKA7glL4Il3KrEA==
  dependencies:
    mime-types "~2.1.34"
    negotiator "0.6.3"

array-flatten@1.1.1:
  version "1.1.1"
  resolved "https://registry.yarnpkg.com/array-flatten/-/array-flatten-1.1.1.tgz#3a26df85c7429d7847c51457f0064114d590e0c5"
  integrity sha512-PCVAQswiVnS2aj0iMAdB2h9f/L3s2kYagT5wS3t6lq3jVnLWL3aD1e1/pke8/j+fC/E+t6Xf/qIJ1s9i/r+A==

body-parser@1.20.1:
  version "1.20.1"
  resolved "https://registry.yarnpkg.com/body-parser/-/body-parser-1.20.1.tgz#93c56e3a53272e5055b8109d9361a49f7e5b1b44"
  integrity sha512-3z3fV3WR2iG8P2gES2s3vN2aXnK2k2gUlNIGoOhz32YtL1n4x5adTup+64iG1y5f+A2sBGfZu076mJ/gA4w0A==
  dependencies:
    bytes "3.1.2"
    content-type "~1.0.4"
    debug "2.6.9"
    depd "2.0.0"
    http-errors "2.0.0"
    iconv-lite "0.4.24"
    on-finished "2.4.1"
    qs "6.11.0"
    raw-body "2.5.1"
    type-is "~1.6.18"
  engines:
    node ">= 0.8"

bytes@3.1.2:
  version "3.1.2"
  resolved "https://registry.yarnpkg.com/bytes/-/bytes-3.1.2.tgz#4a652358933390c58a5f02c633b49e29a8a70f5e"
  integrity sha512-0MhMeQoMwvo34Y2UXXMv1Y/g+x2QkOaP3Voa2sLgJSAJk3eEu2t2A/pURQ1j3v5iMmbG7uP8vQ+yqDbvWTCA==
  engines:
    node ">= 0.8"

content-disposition@0.5.4:
  version "0.5.4"
  resolved "https://registry.yarnpkg.com/content-disposition/-/content-disposition-0.5.4.tgz#8b105c31758509315570d58c1f932e6093815344"
  integrity sha512-FveZTNuGw04cVwWbJtmZQKTdG6tDyo41B7zloNbMnpGoH17XjPUGMcxXNbwrIXKX7pbqlHij5IscGn4ldDPaA==
  dependencies:
    safe-buffer "5.2.1"
  engines:
    node ">= 0.6"

content-type@~1.0.4:
  version "1.0.5"
  resolved "https://registry.yarnpkg.com/content-type/-/content-type-1.0.5.tgz#00f40d12a95c312a024220b22a075c3f309a96e6"
  integrity sha512-YqKbaqrJF0/j4EgI5Yc3k4r2h4W2NeTj2wXimscEaRNw0V1V6wL5s926A6sJ/3v2exhoSA6a5inr7J2l0nt/Qg=="
  engines:
    node ">= 0.6"

express@"^4.18.2":
  version "4.18.2"
  resolved "https://registry.yarnpkg.com/express/-/express-4.18.2.tgz#8ddc9a1d13f3aa8f645396b7cd76874b5c777218"
  integrity sha512-5/PsL6iGPdfQ/l3vvs1WvkEG2dNoAIT5mWRiLPvTsJQASGBCsNYEOVITUWV0zGxaNlsevVev7p29SXLsFpA4eg==
  dependencies:
    accepts "~1.3.8"
    array-flatten "1.1.1"
    body-parser "1.20.1"
    content-disposition "0.5.4"
    content-type "~1.0.4"
    cookie "0.5.0"
    cookie-signature "1.0.6"
    debug "2.6.9"
    depd "2.0.0"
    encodeurl "~1.0.2"
    escape-html "~1.0.3"
    etag "~1.8.1"
    finalhandler "1.2.0"
    fresh "0.5.2"
    merge-descriptors "1.0.1"
    methods "~1.1.2"
    on-finished "2.4.1"
    parseurl "~1.3.3"
    path-to-regexp "0.1.7"
    proxy-addr "~2.0.7"
    qs "6.11.0"
    range-parser "~1.2.1"
    safe-buffer "5.2.1"
    send "0.18.0"
    serve-static "1.15.0"
    setprototypeof "1.2.0"
    statuses "2.0.1"
    type-is "~1.6.18"
    utils-merge "1.0.1"
    vary "~1.1.2"
  engines:
    node ">= 0.10.0"

lodash@"^4.17.21":
  version "4.17.21"
  resolved "https://registry.yarnpkg.com/lodash/-/lodash-4.17.21.tgz#9e0a8393c524c5e5b61f93b584a8c3d803697926"
  integrity sha512-v2kDEe57lecTulaDIuNTPy3Ry4gLGJ6Z1O3vE1krgXZNrsQ+LFTGHVxVjcXPs17LhbZVGedAJv8XZ1tvj5FvA==

nodemon@"^2.0.22":
  version "2.0.22"
  resolved "https://registry.yarnpkg.com/nodemon/-/nodemon-2.0.22.tgz#0260f858546b2b712ca7e30d09995c73c8802271"
  integrity sha512-pU8P14h+gaJzP/ifjdvTMPd2aLja+tP2f5DkewGzTz2Wih35zWEiLz3TjN1/D3f93Iu5Qz5E95PIVnBSxdw+w==
  dependencies:
    chokidar "3.5.3"
    debug "3.2.7"
    ignore-by-default "1.0.1"
    minimatch "3.1.2"
    pstree.remy "1.1.8"
    semver "7.3.8"
    simple-update-notifier "1.1.0"
    supports-color "5.5.0"
    touch "3.1.0"
    undefsafe "2.0.5"
  bin:
    nodemon "bin/nodemon.js"
  engines:
    node ">=8"

# ... and so on for all transitive dependencies.
